{
  "version": 4,
  "terraform_version": "1.1.5",
  "serial": 62,
  "lineage": "bfba075e-3cdb-1da6-3baa-48b341a945b6",
  "outputs": {},
  "resources": [
    {
      "mode": "managed",
      "type": "azurerm_linux_virtual_machine",
      "name": "VMMaster",
      "provider": "provider[\"registry.terraform.io/hashicorp/azurerm\"]",
      "instances": [
        {
          "schema_version": 0,
          "attributes": {
            "additional_capabilities": [],
            "admin_password": null,
            "admin_ssh_key": [
              {
                "public_key": "ssh-rsa AAAAB3NzaC1yc2EAAAADAQABAAACAQDPXj899hGZ4eXU5xx6e5QOppKJkuloCJZzutt5ClETrklkmU3MgePHZmh+NAbBKOwCJvP4QoeaELk7GSre6MN98kwnlGmQLMbtBegIf8iVZbLLblOdjsV+0hW9b7X+5/hoECqkEAaLHDwKiwf85CyP6lUZ56ypDUfI+uak6HEeigrQ6KSQkajEeYtdLM/uUA4u6jS4Uf+i516kQ6vf1p4UJgGKi3RtmvoDqIcPAoVRs8o8O2KQIhEgtxAvt/57+kRBP5WAvqerZUt7Ayq4tZa1ZGv7FJWLhqhTxNsXIrissz5+f38jwXLtytZw+jlbl/WhhvQ8Gz13Kc62XI+ZUxhE0WUVYQQySWrI7m7U5mE5vuBx7SmQp0eSIl9YBPsuoACQkEnj0PFX168SVN5LuUO/EJFsW3iONB/wU3YRmF6NdmjBdFKNeISk90jc1m6Y9Nn/B11ltSrCwC5tR4283BfXDHJ8lUHfriDGgXXCosADdPjk7rfjnChoGY2fO/zuhKtIp0tCLa3Hipt9Jxqq11Fah82fPUPo8ePZuQAWtOuLu2QxeT8yaonPwBLPN2tSt/NOV7eS7JqujETBrF3lXxrjUgJizy7TEZuR4BOyxIM2HmJKhiZGmehavr+DopLJi+uZdEEUfAKb1iVm87FJOhB+bHHacR8GhvDzzb/str3NJw== frodrigue53m@kubemaster.acme.es\r\n",
                "username": "adminUsername"
              }
            ],
            "admin_username": "adminUsername",
            "allow_extension_operations": true,
            "availability_set_id": "",
            "boot_diagnostics": [
              {
                "storage_account_uri": "https://staccountcp2fr770.blob.core.windows.net/"
              }
            ],
            "computer_name": "k8smaster",
            "custom_data": null,
            "dedicated_host_id": "",
            "disable_password_authentication": true,
            "encryption_at_host_enabled": false,
            "eviction_policy": "",
            "extensions_time_budget": "PT1H30M",
            "id": "/subscriptions/b7a988b6-bf36-4262-9264-885c2c07cf93/resourceGroups/rggroupcp2fr770/providers/Microsoft.Compute/virtualMachines/k8smaster",
            "identity": [],
            "location": "westeurope",
            "max_bid_price": -1,
            "name": "k8smaster",
            "network_interface_ids": [
              "/subscriptions/b7a988b6-bf36-4262-9264-885c2c07cf93/resourceGroups/rggroupcp2fr770/providers/Microsoft.Network/networkInterfaces/nic-M1"
            ],
            "os_disk": [
              {
                "caching": "ReadWrite",
                "diff_disk_settings": [],
                "disk_encryption_set_id": "",
                "disk_size_gb": 30,
                "name": "k8smaster_OsDisk_1_3b3a43f99174403bb1499147d92c0acb",
                "storage_account_type": "Standard_LRS",
                "write_accelerator_enabled": false
              }
            ],
            "plan": [
              {
                "name": "centos-8-stream-free",
                "product": "centos-8-stream-free",
                "publisher": "cognosys"
              }
            ],
            "priority": "Regular",
            "private_ip_address": "10.0.1.10",
            "private_ip_addresses": [
              "10.0.1.10"
            ],
            "provision_vm_agent": true,
            "proximity_placement_group_id": "",
            "public_ip_address": "40.114.225.33",
            "public_ip_addresses": [
              "40.114.225.33"
            ],
            "resource_group_name": "rggroupcp2fr770",
            "secret": [],
            "size": "Standard_D2_v2",
            "source_image_id": "",
            "source_image_reference": [
              {
                "offer": "centos-8-stream-free",
                "publisher": "cognosys",
                "sku": "centos-8-stream-free",
                "version": "1.2019.0810"
              }
            ],
            "tags": {
              "environment": "CP2"
            },
            "timeouts": null,
            "virtual_machine_id": "d93f0f61-58e4-4d22-b229-0d09d65b2faa",
            "virtual_machine_scale_set_id": "",
            "zone": ""
          },
          "sensitive_attributes": [],
          "private": "eyJlMmJmYjczMC1lY2FhLTExZTYtOGY4OC0zNDM2M2JjN2M0YzAiOnsiY3JlYXRlIjoyNzAwMDAwMDAwMDAwLCJkZWxldGUiOjI3MDAwMDAwMDAwMDAsInJlYWQiOjMwMDAwMDAwMDAwMCwidXBkYXRlIjoyNzAwMDAwMDAwMDAwfX0=",
          "dependencies": [
            "azurerm_network_interface.myNic1",
            "azurerm_public_ip.myPublicIp1",
            "azurerm_resource_group.rg",
            "azurerm_storage_account.stAccount",
            "azurerm_subnet.mySubnet",
            "azurerm_virtual_network.myNet"
          ]
        }
      ]
    },
    {
      "mode": "managed",
      "type": "azurerm_linux_virtual_machine",
      "name": "VMWorkers",
      "provider": "provider[\"registry.terraform.io/hashicorp/azurerm\"]",
      "instances": [
        {
          "index_key": 0,
          "schema_version": 0,
          "attributes": {
            "additional_capabilities": [],
            "admin_password": null,
            "admin_ssh_key": [
              {
                "public_key": "ssh-rsa AAAAB3NzaC1yc2EAAAADAQABAAACAQDPXj899hGZ4eXU5xx6e5QOppKJkuloCJZzutt5ClETrklkmU3MgePHZmh+NAbBKOwCJvP4QoeaELk7GSre6MN98kwnlGmQLMbtBegIf8iVZbLLblOdjsV+0hW9b7X+5/hoECqkEAaLHDwKiwf85CyP6lUZ56ypDUfI+uak6HEeigrQ6KSQkajEeYtdLM/uUA4u6jS4Uf+i516kQ6vf1p4UJgGKi3RtmvoDqIcPAoVRs8o8O2KQIhEgtxAvt/57+kRBP5WAvqerZUt7Ayq4tZa1ZGv7FJWLhqhTxNsXIrissz5+f38jwXLtytZw+jlbl/WhhvQ8Gz13Kc62XI+ZUxhE0WUVYQQySWrI7m7U5mE5vuBx7SmQp0eSIl9YBPsuoACQkEnj0PFX168SVN5LuUO/EJFsW3iONB/wU3YRmF6NdmjBdFKNeISk90jc1m6Y9Nn/B11ltSrCwC5tR4283BfXDHJ8lUHfriDGgXXCosADdPjk7rfjnChoGY2fO/zuhKtIp0tCLa3Hipt9Jxqq11Fah82fPUPo8ePZuQAWtOuLu2QxeT8yaonPwBLPN2tSt/NOV7eS7JqujETBrF3lXxrjUgJizy7TEZuR4BOyxIM2HmJKhiZGmehavr+DopLJi+uZdEEUfAKb1iVm87FJOhB+bHHacR8GhvDzzb/str3NJw== frodrigue53m@kubemaster.acme.es\r\n",
                "username": "adminUsername"
              }
            ],
            "admin_username": "adminUsername",
            "allow_extension_operations": true,
            "availability_set_id": "",
            "boot_diagnostics": [
              {
                "storage_account_uri": "https://staccountcp2fr770.blob.core.windows.net/"
              }
            ],
            "computer_name": "k8snode01",
            "custom_data": null,
            "dedicated_host_id": "",
            "disable_password_authentication": true,
            "encryption_at_host_enabled": false,
            "eviction_policy": "",
            "extensions_time_budget": "PT1H30M",
            "id": "/subscriptions/b7a988b6-bf36-4262-9264-885c2c07cf93/resourceGroups/rggroupcp2fr770/providers/Microsoft.Compute/virtualMachines/k8snode01",
            "identity": [],
            "location": "westeurope",
            "max_bid_price": -1,
            "name": "k8snode01",
            "network_interface_ids": [
              "/subscriptions/b7a988b6-bf36-4262-9264-885c2c07cf93/resourceGroups/rggroupcp2fr770/providers/Microsoft.Network/networkInterfaces/nic-M2"
            ],
            "os_disk": [
              {
                "caching": "ReadWrite",
                "diff_disk_settings": [],
                "disk_encryption_set_id": "",
                "disk_size_gb": 30,
                "name": "k8snode01_OsDisk_1_d61fe3c97b8646129e24533ca7977f2a",
                "storage_account_type": "Standard_LRS",
                "write_accelerator_enabled": false
              }
            ],
            "plan": [
              {
                "name": "centos-8-stream-free",
                "product": "centos-8-stream-free",
                "publisher": "cognosys"
              }
            ],
            "priority": "Regular",
            "private_ip_address": "10.0.1.11",
            "private_ip_addresses": [
              "10.0.1.11"
            ],
            "provision_vm_agent": true,
            "proximity_placement_group_id": "",
            "public_ip_address": "40.114.235.137",
            "public_ip_addresses": [
              "40.114.235.137"
            ],
            "resource_group_name": "rggroupcp2fr770",
            "secret": [],
            "size": "Standard_D1_v2",
            "source_image_id": "",
            "source_image_reference": [
              {
                "offer": "centos-8-stream-free",
                "publisher": "cognosys",
                "sku": "centos-8-stream-free",
                "version": "1.2019.0810"
              }
            ],
            "tags": {
              "environment": "CP2"
            },
            "timeouts": null,
            "virtual_machine_id": "187c7e61-6e19-4347-9685-99e630054ea8",
            "virtual_machine_scale_set_id": "",
            "zone": ""
          },
          "sensitive_attributes": [],
          "private": "eyJlMmJmYjczMC1lY2FhLTExZTYtOGY4OC0zNDM2M2JjN2M0YzAiOnsiY3JlYXRlIjoyNzAwMDAwMDAwMDAwLCJkZWxldGUiOjI3MDAwMDAwMDAwMDAsInJlYWQiOjMwMDAwMDAwMDAwMCwidXBkYXRlIjoyNzAwMDAwMDAwMDAwfX0=",
          "dependencies": [
            "azurerm_network_interface.myNic1",
            "azurerm_public_ip.myPublicIp1",
            "azurerm_resource_group.rg",
            "azurerm_storage_account.stAccount",
            "azurerm_subnet.mySubnet",
            "azurerm_virtual_network.myNet"
          ]
        },
        {
          "index_key": 1,
          "schema_version": 0,
          "attributes": {
            "additional_capabilities": [],
            "admin_password": null,
            "admin_ssh_key": [
              {
                "public_key": "ssh-rsa AAAAB3NzaC1yc2EAAAADAQABAAACAQDPXj899hGZ4eXU5xx6e5QOppKJkuloCJZzutt5ClETrklkmU3MgePHZmh+NAbBKOwCJvP4QoeaELk7GSre6MN98kwnlGmQLMbtBegIf8iVZbLLblOdjsV+0hW9b7X+5/hoECqkEAaLHDwKiwf85CyP6lUZ56ypDUfI+uak6HEeigrQ6KSQkajEeYtdLM/uUA4u6jS4Uf+i516kQ6vf1p4UJgGKi3RtmvoDqIcPAoVRs8o8O2KQIhEgtxAvt/57+kRBP5WAvqerZUt7Ayq4tZa1ZGv7FJWLhqhTxNsXIrissz5+f38jwXLtytZw+jlbl/WhhvQ8Gz13Kc62XI+ZUxhE0WUVYQQySWrI7m7U5mE5vuBx7SmQp0eSIl9YBPsuoACQkEnj0PFX168SVN5LuUO/EJFsW3iONB/wU3YRmF6NdmjBdFKNeISk90jc1m6Y9Nn/B11ltSrCwC5tR4283BfXDHJ8lUHfriDGgXXCosADdPjk7rfjnChoGY2fO/zuhKtIp0tCLa3Hipt9Jxqq11Fah82fPUPo8ePZuQAWtOuLu2QxeT8yaonPwBLPN2tSt/NOV7eS7JqujETBrF3lXxrjUgJizy7TEZuR4BOyxIM2HmJKhiZGmehavr+DopLJi+uZdEEUfAKb1iVm87FJOhB+bHHacR8GhvDzzb/str3NJw== frodrigue53m@kubemaster.acme.es\r\n",
                "username": "adminUsername"
              }
            ],
            "admin_username": "adminUsername",
            "allow_extension_operations": true,
            "availability_set_id": "",
            "boot_diagnostics": [
              {
                "storage_account_uri": "https://staccountcp2fr770.blob.core.windows.net/"
              }
            ],
            "computer_name": "k8snode02",
            "custom_data": null,
            "dedicated_host_id": "",
            "disable_password_authentication": true,
            "encryption_at_host_enabled": false,
            "eviction_policy": "",
            "extensions_time_budget": "PT1H30M",
            "id": "/subscriptions/b7a988b6-bf36-4262-9264-885c2c07cf93/resourceGroups/rggroupcp2fr770/providers/Microsoft.Compute/virtualMachines/k8snode02",
            "identity": [],
            "location": "westeurope",
            "max_bid_price": -1,
            "name": "k8snode02",
            "network_interface_ids": [
              "/subscriptions/b7a988b6-bf36-4262-9264-885c2c07cf93/resourceGroups/rggroupcp2fr770/providers/Microsoft.Network/networkInterfaces/nic-M3"
            ],
            "os_disk": [
              {
                "caching": "ReadWrite",
                "diff_disk_settings": [],
                "disk_encryption_set_id": "",
                "disk_size_gb": 30,
                "name": "k8snode02_OsDisk_1_cfb7f509f17a4086a3d66cc059560389",
                "storage_account_type": "Standard_LRS",
                "write_accelerator_enabled": false
              }
            ],
            "plan": [
              {
                "name": "centos-8-stream-free",
                "product": "centos-8-stream-free",
                "publisher": "cognosys"
              }
            ],
            "priority": "Regular",
            "private_ip_address": "10.0.1.12",
            "private_ip_addresses": [
              "10.0.1.12"
            ],
            "provision_vm_agent": true,
            "proximity_placement_group_id": "",
            "public_ip_address": "13.93.77.136",
            "public_ip_addresses": [
              "13.93.77.136"
            ],
            "resource_group_name": "rggroupcp2fr770",
            "secret": [],
            "size": "Standard_D1_v2",
            "source_image_id": "",
            "source_image_reference": [
              {
                "offer": "centos-8-stream-free",
                "publisher": "cognosys",
                "sku": "centos-8-stream-free",
                "version": "1.2019.0810"
              }
            ],
            "tags": {
              "environment": "CP2"
            },
            "timeouts": null,
            "virtual_machine_id": "67b6dde0-d5b0-4039-9dc0-b6130fdb0a43",
            "virtual_machine_scale_set_id": "",
            "zone": ""
          },
          "sensitive_attributes": [],
          "private": "eyJlMmJmYjczMC1lY2FhLTExZTYtOGY4OC0zNDM2M2JjN2M0YzAiOnsiY3JlYXRlIjoyNzAwMDAwMDAwMDAwLCJkZWxldGUiOjI3MDAwMDAwMDAwMDAsInJlYWQiOjMwMDAwMDAwMDAwMCwidXBkYXRlIjoyNzAwMDAwMDAwMDAwfX0=",
          "dependencies": [
            "azurerm_network_interface.myNic1",
            "azurerm_public_ip.myPublicIp1",
            "azurerm_resource_group.rg",
            "azurerm_storage_account.stAccount",
            "azurerm_subnet.mySubnet",
            "azurerm_virtual_network.myNet"
          ]
        }
      ]
    },
    {
      "mode": "managed",
      "type": "azurerm_network_interface",
      "name": "myNic1",
      "provider": "provider[\"registry.terraform.io/hashicorp/azurerm\"]",
      "instances": [
        {
          "index_key": 0,
          "schema_version": 0,
          "attributes": {
            "applied_dns_servers": [],
            "dns_servers": [],
            "enable_accelerated_networking": false,
            "enable_ip_forwarding": false,
            "id": "/subscriptions/b7a988b6-bf36-4262-9264-885c2c07cf93/resourceGroups/rggroupcp2fr770/providers/Microsoft.Network/networkInterfaces/nic-M1",
            "internal_dns_name_label": "",
            "internal_domain_name_suffix": "y5fcmugf0gfuxldwjio1uxqpxa.ax.internal.cloudapp.net",
            "ip_configuration": [
              {
                "name": "ipconf-M1",
                "primary": true,
                "private_ip_address": "10.0.1.10",
                "private_ip_address_allocation": "Static",
                "private_ip_address_version": "IPv4",
                "public_ip_address_id": "/subscriptions/b7a988b6-bf36-4262-9264-885c2c07cf93/resourceGroups/rggroupcp2fr770/providers/Microsoft.Network/publicIPAddresses/vmip-M0",
                "subnet_id": "/subscriptions/b7a988b6-bf36-4262-9264-885c2c07cf93/resourceGroups/rggroupcp2fr770/providers/Microsoft.Network/virtualNetworks/kubernetesnet/subnets/terraformsubnet"
              }
            ],
            "location": "westeurope",
            "mac_address": "",
            "name": "nic-M1",
            "private_ip_address": "10.0.1.10",
            "private_ip_addresses": [
              "10.0.1.10"
            ],
            "resource_group_name": "rggroupcp2fr770",
            "tags": {
              "environment": "CP2"
            },
            "timeouts": null,
            "virtual_machine_id": ""
          },
          "sensitive_attributes": [],
          "private": "eyJlMmJmYjczMC1lY2FhLTExZTYtOGY4OC0zNDM2M2JjN2M0YzAiOnsiY3JlYXRlIjoxODAwMDAwMDAwMDAwLCJkZWxldGUiOjE4MDAwMDAwMDAwMDAsInJlYWQiOjMwMDAwMDAwMDAwMCwidXBkYXRlIjoxODAwMDAwMDAwMDAwfX0=",
          "dependencies": [
            "azurerm_public_ip.myPublicIp1",
            "azurerm_resource_group.rg",
            "azurerm_subnet.mySubnet",
            "azurerm_virtual_network.myNet"
          ]
        },
        {
          "index_key": 1,
          "schema_version": 0,
          "attributes": {
            "applied_dns_servers": [],
            "dns_servers": [],
            "enable_accelerated_networking": false,
            "enable_ip_forwarding": false,
            "id": "/subscriptions/b7a988b6-bf36-4262-9264-885c2c07cf93/resourceGroups/rggroupcp2fr770/providers/Microsoft.Network/networkInterfaces/nic-M2",
            "internal_dns_name_label": "",
            "internal_domain_name_suffix": "y5fcmugf0gfuxldwjio1uxqpxa.ax.internal.cloudapp.net",
            "ip_configuration": [
              {
                "name": "ipconf-M2",
                "primary": true,
                "private_ip_address": "10.0.1.11",
                "private_ip_address_allocation": "Static",
                "private_ip_address_version": "IPv4",
                "public_ip_address_id": "/subscriptions/b7a988b6-bf36-4262-9264-885c2c07cf93/resourceGroups/rggroupcp2fr770/providers/Microsoft.Network/publicIPAddresses/vmip-M1",
                "subnet_id": "/subscriptions/b7a988b6-bf36-4262-9264-885c2c07cf93/resourceGroups/rggroupcp2fr770/providers/Microsoft.Network/virtualNetworks/kubernetesnet/subnets/terraformsubnet"
              }
            ],
            "location": "westeurope",
            "mac_address": "",
            "name": "nic-M2",
            "private_ip_address": "10.0.1.11",
            "private_ip_addresses": [
              "10.0.1.11"
            ],
            "resource_group_name": "rggroupcp2fr770",
            "tags": {
              "environment": "CP2"
            },
            "timeouts": null,
            "virtual_machine_id": ""
          },
          "sensitive_attributes": [],
          "private": "eyJlMmJmYjczMC1lY2FhLTExZTYtOGY4OC0zNDM2M2JjN2M0YzAiOnsiY3JlYXRlIjoxODAwMDAwMDAwMDAwLCJkZWxldGUiOjE4MDAwMDAwMDAwMDAsInJlYWQiOjMwMDAwMDAwMDAwMCwidXBkYXRlIjoxODAwMDAwMDAwMDAwfX0=",
          "dependencies": [
            "azurerm_public_ip.myPublicIp1",
            "azurerm_resource_group.rg",
            "azurerm_subnet.mySubnet",
            "azurerm_virtual_network.myNet"
          ]
        },
        {
          "index_key": 2,
          "schema_version": 0,
          "attributes": {
            "applied_dns_servers": [],
            "dns_servers": [],
            "enable_accelerated_networking": false,
            "enable_ip_forwarding": false,
            "id": "/subscriptions/b7a988b6-bf36-4262-9264-885c2c07cf93/resourceGroups/rggroupcp2fr770/providers/Microsoft.Network/networkInterfaces/nic-M3",
            "internal_dns_name_label": "",
            "internal_domain_name_suffix": "y5fcmugf0gfuxldwjio1uxqpxa.ax.internal.cloudapp.net",
            "ip_configuration": [
              {
                "name": "ipconf-M3",
                "primary": true,
                "private_ip_address": "10.0.1.12",
                "private_ip_address_allocation": "Static",
                "private_ip_address_version": "IPv4",
                "public_ip_address_id": "/subscriptions/b7a988b6-bf36-4262-9264-885c2c07cf93/resourceGroups/rggroupcp2fr770/providers/Microsoft.Network/publicIPAddresses/vmip-M2",
                "subnet_id": "/subscriptions/b7a988b6-bf36-4262-9264-885c2c07cf93/resourceGroups/rggroupcp2fr770/providers/Microsoft.Network/virtualNetworks/kubernetesnet/subnets/terraformsubnet"
              }
            ],
            "location": "westeurope",
            "mac_address": "",
            "name": "nic-M3",
            "private_ip_address": "10.0.1.12",
            "private_ip_addresses": [
              "10.0.1.12"
            ],
            "resource_group_name": "rggroupcp2fr770",
            "tags": {
              "environment": "CP2"
            },
            "timeouts": null,
            "virtual_machine_id": ""
          },
          "sensitive_attributes": [],
          "private": "eyJlMmJmYjczMC1lY2FhLTExZTYtOGY4OC0zNDM2M2JjN2M0YzAiOnsiY3JlYXRlIjoxODAwMDAwMDAwMDAwLCJkZWxldGUiOjE4MDAwMDAwMDAwMDAsInJlYWQiOjMwMDAwMDAwMDAwMCwidXBkYXRlIjoxODAwMDAwMDAwMDAwfX0=",
          "dependencies": [
            "azurerm_public_ip.myPublicIp1",
            "azurerm_resource_group.rg",
            "azurerm_subnet.mySubnet",
            "azurerm_virtual_network.myNet"
          ]
        }
      ]
    },
    {
      "mode": "managed",
      "type": "azurerm_network_interface_security_group_association",
      "name": "mySecGroupAssociation1",
      "provider": "provider[\"registry.terraform.io/hashicorp/azurerm\"]",
      "instances": [
        {
          "index_key": 0,
          "schema_version": 0,
          "attributes": {
            "id": "/subscriptions/b7a988b6-bf36-4262-9264-885c2c07cf93/resourceGroups/rggroupcp2fr770/providers/Microsoft.Network/networkInterfaces/nic-M1|/subscriptions/b7a988b6-bf36-4262-9264-885c2c07cf93/resourceGroups/rggroupcp2fr770/providers/Microsoft.Network/networkSecurityGroups/sshtraffic",
            "network_interface_id": "/subscriptions/b7a988b6-bf36-4262-9264-885c2c07cf93/resourceGroups/rggroupcp2fr770/providers/Microsoft.Network/networkInterfaces/nic-M1",
            "network_security_group_id": "/subscriptions/b7a988b6-bf36-4262-9264-885c2c07cf93/resourceGroups/rggroupcp2fr770/providers/Microsoft.Network/networkSecurityGroups/sshtraffic",
            "timeouts": null
          },
          "sensitive_attributes": [],
          "private": "eyJlMmJmYjczMC1lY2FhLTExZTYtOGY4OC0zNDM2M2JjN2M0YzAiOnsiY3JlYXRlIjoxODAwMDAwMDAwMDAwLCJkZWxldGUiOjE4MDAwMDAwMDAwMDAsInJlYWQiOjMwMDAwMDAwMDAwMCwidXBkYXRlIjoxODAwMDAwMDAwMDAwfX0=",
          "dependencies": [
            "azurerm_network_interface.myNic1",
            "azurerm_network_security_group.mySecGroup",
            "azurerm_public_ip.myPublicIp1",
            "azurerm_resource_group.rg",
            "azurerm_subnet.mySubnet",
            "azurerm_virtual_network.myNet"
          ]
        },
        {
          "index_key": 1,
          "schema_version": 0,
          "attributes": {
            "id": "/subscriptions/b7a988b6-bf36-4262-9264-885c2c07cf93/resourceGroups/rggroupcp2fr770/providers/Microsoft.Network/networkInterfaces/nic-M2|/subscriptions/b7a988b6-bf36-4262-9264-885c2c07cf93/resourceGroups/rggroupcp2fr770/providers/Microsoft.Network/networkSecurityGroups/sshtraffic",
            "network_interface_id": "/subscriptions/b7a988b6-bf36-4262-9264-885c2c07cf93/resourceGroups/rggroupcp2fr770/providers/Microsoft.Network/networkInterfaces/nic-M2",
            "network_security_group_id": "/subscriptions/b7a988b6-bf36-4262-9264-885c2c07cf93/resourceGroups/rggroupcp2fr770/providers/Microsoft.Network/networkSecurityGroups/sshtraffic",
            "timeouts": null
          },
          "sensitive_attributes": [],
          "private": "eyJlMmJmYjczMC1lY2FhLTExZTYtOGY4OC0zNDM2M2JjN2M0YzAiOnsiY3JlYXRlIjoxODAwMDAwMDAwMDAwLCJkZWxldGUiOjE4MDAwMDAwMDAwMDAsInJlYWQiOjMwMDAwMDAwMDAwMCwidXBkYXRlIjoxODAwMDAwMDAwMDAwfX0=",
          "dependencies": [
            "azurerm_network_interface.myNic1",
            "azurerm_network_security_group.mySecGroup",
            "azurerm_public_ip.myPublicIp1",
            "azurerm_resource_group.rg",
            "azurerm_subnet.mySubnet",
            "azurerm_virtual_network.myNet"
          ]
        },
        {
          "index_key": 2,
          "schema_version": 0,
          "attributes": {
            "id": "/subscriptions/b7a988b6-bf36-4262-9264-885c2c07cf93/resourceGroups/rggroupcp2fr770/providers/Microsoft.Network/networkInterfaces/nic-M3|/subscriptions/b7a988b6-bf36-4262-9264-885c2c07cf93/resourceGroups/rggroupcp2fr770/providers/Microsoft.Network/networkSecurityGroups/sshtraffic",
            "network_interface_id": "/subscriptions/b7a988b6-bf36-4262-9264-885c2c07cf93/resourceGroups/rggroupcp2fr770/providers/Microsoft.Network/networkInterfaces/nic-M3",
            "network_security_group_id": "/subscriptions/b7a988b6-bf36-4262-9264-885c2c07cf93/resourceGroups/rggroupcp2fr770/providers/Microsoft.Network/networkSecurityGroups/sshtraffic",
            "timeouts": null
          },
          "sensitive_attributes": [],
          "private": "eyJlMmJmYjczMC1lY2FhLTExZTYtOGY4OC0zNDM2M2JjN2M0YzAiOnsiY3JlYXRlIjoxODAwMDAwMDAwMDAwLCJkZWxldGUiOjE4MDAwMDAwMDAwMDAsInJlYWQiOjMwMDAwMDAwMDAwMCwidXBkYXRlIjoxODAwMDAwMDAwMDAwfX0=",
          "dependencies": [
            "azurerm_network_interface.myNic1",
            "azurerm_network_security_group.mySecGroup",
            "azurerm_public_ip.myPublicIp1",
            "azurerm_resource_group.rg",
            "azurerm_subnet.mySubnet",
            "azurerm_virtual_network.myNet"
          ]
        }
      ]
    },
    {
      "mode": "managed",
      "type": "azurerm_network_security_group",
      "name": "mySecGroup",
      "provider": "provider[\"registry.terraform.io/hashicorp/azurerm\"]",
      "instances": [
        {
          "schema_version": 0,
          "attributes": {
            "id": "/subscriptions/b7a988b6-bf36-4262-9264-885c2c07cf93/resourceGroups/rggroupcp2fr770/providers/Microsoft.Network/networkSecurityGroups/sshtraffic",
            "location": "westeurope",
            "name": "sshtraffic",
            "resource_group_name": "rggroupcp2fr770",
            "security_rule": [
              {
                "access": "Allow",
                "description": "",
                "destination_address_prefix": "*",
                "destination_address_prefixes": [],
                "destination_application_security_group_ids": [],
                "destination_port_range": "22",
                "destination_port_ranges": [],
                "direction": "Inbound",
                "name": "SSH",
                "priority": 1001,
                "protocol": "Tcp",
                "source_address_prefix": "*",
                "source_address_prefixes": [],
                "source_application_security_group_ids": [],
                "source_port_range": "*",
                "source_port_ranges": []
              }
            ],
            "tags": {
              "environment": "CP2"
            },
            "timeouts": null
          },
          "sensitive_attributes": [],
          "private": "eyJlMmJmYjczMC1lY2FhLTExZTYtOGY4OC0zNDM2M2JjN2M0YzAiOnsiY3JlYXRlIjoxODAwMDAwMDAwMDAwLCJkZWxldGUiOjE4MDAwMDAwMDAwMDAsInJlYWQiOjMwMDAwMDAwMDAwMCwidXBkYXRlIjoxODAwMDAwMDAwMDAwfX0=",
          "dependencies": [
            "azurerm_resource_group.rg"
          ]
        }
      ]
    },
    {
      "mode": "managed",
      "type": "azurerm_public_ip",
      "name": "myPublicIp1",
      "provider": "provider[\"registry.terraform.io/hashicorp/azurerm\"]",
      "instances": [
        {
          "index_key": 0,
          "schema_version": 0,
          "attributes": {
            "allocation_method": "Dynamic",
            "domain_name_label": null,
            "fqdn": null,
            "id": "/subscriptions/b7a988b6-bf36-4262-9264-885c2c07cf93/resourceGroups/rggroupcp2fr770/providers/Microsoft.Network/publicIPAddresses/vmip-M0",
            "idle_timeout_in_minutes": 4,
            "ip_address": "",
            "ip_version": "IPv4",
            "location": "westeurope",
            "name": "vmip-M0",
            "public_ip_prefix_id": null,
            "resource_group_name": "rggroupcp2fr770",
            "reverse_fqdn": null,
            "sku": "Basic",
            "tags": {
              "environment": "CP2"
            },
            "timeouts": null,
            "zones": null
          },
          "sensitive_attributes": [],
          "private": "eyJlMmJmYjczMC1lY2FhLTExZTYtOGY4OC0zNDM2M2JjN2M0YzAiOnsiY3JlYXRlIjoxODAwMDAwMDAwMDAwLCJkZWxldGUiOjE4MDAwMDAwMDAwMDAsInJlYWQiOjMwMDAwMDAwMDAwMCwidXBkYXRlIjoxODAwMDAwMDAwMDAwfX0=",
          "dependencies": [
            "azurerm_resource_group.rg"
          ]
        },
        {
          "index_key": 1,
          "schema_version": 0,
          "attributes": {
            "allocation_method": "Dynamic",
            "domain_name_label": null,
            "fqdn": null,
            "id": "/subscriptions/b7a988b6-bf36-4262-9264-885c2c07cf93/resourceGroups/rggroupcp2fr770/providers/Microsoft.Network/publicIPAddresses/vmip-M1",
            "idle_timeout_in_minutes": 4,
            "ip_address": "",
            "ip_version": "IPv4",
            "location": "westeurope",
            "name": "vmip-M1",
            "public_ip_prefix_id": null,
            "resource_group_name": "rggroupcp2fr770",
            "reverse_fqdn": null,
            "sku": "Basic",
            "tags": {
              "environment": "CP2"
            },
            "timeouts": null,
            "zones": null
          },
          "sensitive_attributes": [],
          "private": "eyJlMmJmYjczMC1lY2FhLTExZTYtOGY4OC0zNDM2M2JjN2M0YzAiOnsiY3JlYXRlIjoxODAwMDAwMDAwMDAwLCJkZWxldGUiOjE4MDAwMDAwMDAwMDAsInJlYWQiOjMwMDAwMDAwMDAwMCwidXBkYXRlIjoxODAwMDAwMDAwMDAwfX0=",
          "dependencies": [
            "azurerm_resource_group.rg"
          ]
        },
        {
          "index_key": 2,
          "schema_version": 0,
          "attributes": {
            "allocation_method": "Dynamic",
            "domain_name_label": null,
            "fqdn": null,
            "id": "/subscriptions/b7a988b6-bf36-4262-9264-885c2c07cf93/resourceGroups/rggroupcp2fr770/providers/Microsoft.Network/publicIPAddresses/vmip-M2",
            "idle_timeout_in_minutes": 4,
            "ip_address": "",
            "ip_version": "IPv4",
            "location": "westeurope",
            "name": "vmip-M2",
            "public_ip_prefix_id": null,
            "resource_group_name": "rggroupcp2fr770",
            "reverse_fqdn": null,
            "sku": "Basic",
            "tags": {
              "environment": "CP2"
            },
            "timeouts": null,
            "zones": null
          },
          "sensitive_attributes": [],
          "private": "eyJlMmJmYjczMC1lY2FhLTExZTYtOGY4OC0zNDM2M2JjN2M0YzAiOnsiY3JlYXRlIjoxODAwMDAwMDAwMDAwLCJkZWxldGUiOjE4MDAwMDAwMDAwMDAsInJlYWQiOjMwMDAwMDAwMDAwMCwidXBkYXRlIjoxODAwMDAwMDAwMDAwfX0=",
          "dependencies": [
            "azurerm_resource_group.rg"
          ]
        }
      ]
    },
    {
      "mode": "managed",
      "type": "azurerm_resource_group",
      "name": "rg",
      "provider": "provider[\"registry.terraform.io/hashicorp/azurerm\"]",
      "instances": [
        {
          "schema_version": 0,
          "attributes": {
            "id": "/subscriptions/b7a988b6-bf36-4262-9264-885c2c07cf93/resourceGroups/rggroupcp2fr770",
            "location": "westeurope",
            "name": "rggroupcp2fr770",
            "tags": {
              "environment": "CP2"
            },
            "timeouts": null
          },
          "sensitive_attributes": [],
          "private": "eyJlMmJmYjczMC1lY2FhLTExZTYtOGY4OC0zNDM2M2JjN2M0YzAiOnsiY3JlYXRlIjo1NDAwMDAwMDAwMDAwLCJkZWxldGUiOjU0MDAwMDAwMDAwMDAsInJlYWQiOjMwMDAwMDAwMDAwMCwidXBkYXRlIjo1NDAwMDAwMDAwMDAwfX0="
        }
      ]
    },
    {
      "mode": "managed",
      "type": "azurerm_storage_account",
      "name": "stAccount",
      "provider": "provider[\"registry.terraform.io/hashicorp/azurerm\"]",
      "instances": [
        {
          "schema_version": 2,
          "attributes": {
            "access_tier": "Hot",
            "account_kind": "StorageV2",
            "account_replication_type": "LRS",
            "account_tier": "Standard",
            "allow_blob_public_access": false,
            "blob_properties": [],
            "custom_domain": [],
            "enable_https_traffic_only": true,
            "id": "/subscriptions/b7a988b6-bf36-4262-9264-885c2c07cf93/resourceGroups/rggroupcp2fr770/providers/Microsoft.Storage/storageAccounts/staccountcp2fr770",
            "identity": [],
            "is_hns_enabled": false,
            "large_file_share_enabled": null,
            "location": "westeurope",
            "min_tls_version": "TLS1_0",
            "name": "staccountcp2fr770",
            "network_rules": [
              {
                "bypass": [
                  "AzureServices"
                ],
                "default_action": "Allow",
                "ip_rules": [],
                "virtual_network_subnet_ids": []
              }
            ],
            "primary_access_key": "ZF5RA392fITTswyqdp+u14z7EhY+zYCqMljF3L0GpbqDZaa5PTM8uDQ3ahRZUnYq+6McSyP86srza/FVKTvp+w==",
            "primary_blob_connection_string": "DefaultEndpointsProtocol=https;BlobEndpoint=https://staccountcp2fr770.blob.core.windows.net/;AccountName=staccountcp2fr770;AccountKey=ZF5RA392fITTswyqdp+u14z7EhY+zYCqMljF3L0GpbqDZaa5PTM8uDQ3ahRZUnYq+6McSyP86srza/FVKTvp+w==",
            "primary_blob_endpoint": "https://staccountcp2fr770.blob.core.windows.net/",
            "primary_blob_host": "staccountcp2fr770.blob.core.windows.net",
            "primary_connection_string": "DefaultEndpointsProtocol=https;AccountName=staccountcp2fr770;AccountKey=ZF5RA392fITTswyqdp+u14z7EhY+zYCqMljF3L0GpbqDZaa5PTM8uDQ3ahRZUnYq+6McSyP86srza/FVKTvp+w==;EndpointSuffix=core.windows.net",
            "primary_dfs_endpoint": "https://staccountcp2fr770.dfs.core.windows.net/",
            "primary_dfs_host": "staccountcp2fr770.dfs.core.windows.net",
            "primary_file_endpoint": "https://staccountcp2fr770.file.core.windows.net/",
            "primary_file_host": "staccountcp2fr770.file.core.windows.net",
            "primary_location": "westeurope",
            "primary_queue_endpoint": "https://staccountcp2fr770.queue.core.windows.net/",
            "primary_queue_host": "staccountcp2fr770.queue.core.windows.net",
            "primary_table_endpoint": "https://staccountcp2fr770.table.core.windows.net/",
            "primary_table_host": "staccountcp2fr770.table.core.windows.net",
            "primary_web_endpoint": "https://staccountcp2fr770.z6.web.core.windows.net/",
            "primary_web_host": "staccountcp2fr770.z6.web.core.windows.net",
            "queue_properties": [
              {
                "cors_rule": [],
                "hour_metrics": [
                  {
                    "enabled": true,
                    "include_apis": true,
                    "retention_policy_days": 7,
                    "version": "1.0"
                  }
                ],
                "logging": [
                  {
                    "delete": false,
                    "read": false,
                    "retention_policy_days": 0,
                    "version": "1.0",
                    "write": false
                  }
                ],
                "minute_metrics": [
                  {
                    "enabled": false,
                    "include_apis": false,
                    "retention_policy_days": 0,
                    "version": "1.0"
                  }
                ]
              }
            ],
            "resource_group_name": "rggroupcp2fr770",
            "secondary_access_key": "PydUB1ZPRxZtcdq+FP68vxywAKEO+R70TWW0U+6iFlaDhE0//f2cttb6BmZow/y6dRNf9SeFrJTr36ggHFWNZQ==",
            "secondary_blob_connection_string": "",
            "secondary_blob_endpoint": null,
            "secondary_blob_host": null,
            "secondary_connection_string": "DefaultEndpointsProtocol=https;AccountName=staccountcp2fr770;AccountKey=PydUB1ZPRxZtcdq+FP68vxywAKEO+R70TWW0U+6iFlaDhE0//f2cttb6BmZow/y6dRNf9SeFrJTr36ggHFWNZQ==;EndpointSuffix=core.windows.net",
            "secondary_dfs_endpoint": null,
            "secondary_dfs_host": null,
            "secondary_file_endpoint": null,
            "secondary_file_host": null,
            "secondary_location": "",
            "secondary_queue_endpoint": null,
            "secondary_queue_host": null,
            "secondary_table_endpoint": null,
            "secondary_table_host": null,
            "secondary_web_endpoint": null,
            "secondary_web_host": null,
            "static_website": [],
            "tags": {
              "environment": "CP2"
            },
            "timeouts": null
          },
          "sensitive_attributes": [],
          "private": "eyJlMmJmYjczMC1lY2FhLTExZTYtOGY4OC0zNDM2M2JjN2M0YzAiOnsiY3JlYXRlIjozNjAwMDAwMDAwMDAwLCJkZWxldGUiOjM2MDAwMDAwMDAwMDAsInJlYWQiOjMwMDAwMDAwMDAwMCwidXBkYXRlIjozNjAwMDAwMDAwMDAwfSwic2NoZW1hX3ZlcnNpb24iOiIyIn0=",
          "dependencies": [
            "azurerm_resource_group.rg"
          ]
        }
      ]
    },
    {
      "mode": "managed",
      "type": "azurerm_subnet",
      "name": "mySubnet",
      "provider": "provider[\"registry.terraform.io/hashicorp/azurerm\"]",
      "instances": [
        {
          "schema_version": 0,
          "attributes": {
            "address_prefix": "10.0.1.0/24",
            "address_prefixes": [
              "10.0.1.0/24"
            ],
            "delegation": [],
            "enforce_private_link_endpoint_network_policies": false,
            "enforce_private_link_service_network_policies": false,
            "id": "/subscriptions/b7a988b6-bf36-4262-9264-885c2c07cf93/resourceGroups/rggroupcp2fr770/providers/Microsoft.Network/virtualNetworks/kubernetesnet/subnets/terraformsubnet",
            "name": "terraformsubnet",
            "resource_group_name": "rggroupcp2fr770",
            "service_endpoint_policy_ids": null,
            "service_endpoints": null,
            "timeouts": null,
            "virtual_network_name": "kubernetesnet"
          },
          "sensitive_attributes": [],
          "private": "eyJlMmJmYjczMC1lY2FhLTExZTYtOGY4OC0zNDM2M2JjN2M0YzAiOnsiY3JlYXRlIjoxODAwMDAwMDAwMDAwLCJkZWxldGUiOjE4MDAwMDAwMDAwMDAsInJlYWQiOjMwMDAwMDAwMDAwMCwidXBkYXRlIjoxODAwMDAwMDAwMDAwfX0=",
          "dependencies": [
            "azurerm_resource_group.rg",
            "azurerm_virtual_network.myNet"
          ]
        }
      ]
    },
    {
      "mode": "managed",
      "type": "azurerm_virtual_network",
      "name": "myNet",
      "provider": "provider[\"registry.terraform.io/hashicorp/azurerm\"]",
      "instances": [
        {
          "schema_version": 0,
          "attributes": {
            "address_space": [
              "10.0.0.0/16"
            ],
            "bgp_community": "",
            "ddos_protection_plan": [],
            "dns_servers": null,
            "guid": "5026cac7-d1c5-4b8b-ac76-4a1dba5e0fb8",
            "id": "/subscriptions/b7a988b6-bf36-4262-9264-885c2c07cf93/resourceGroups/rggroupcp2fr770/providers/Microsoft.Network/virtualNetworks/kubernetesnet",
            "location": "westeurope",
            "name": "kubernetesnet",
            "resource_group_name": "rggroupcp2fr770",
            "subnet": [],
            "tags": {
              "environment": "CP2"
            },
            "timeouts": null,
            "vm_protection_enabled": false
          },
          "sensitive_attributes": [],
          "private": "eyJlMmJmYjczMC1lY2FhLTExZTYtOGY4OC0zNDM2M2JjN2M0YzAiOnsiY3JlYXRlIjoxODAwMDAwMDAwMDAwLCJkZWxldGUiOjE4MDAwMDAwMDAwMDAsInJlYWQiOjMwMDAwMDAwMDAwMCwidXBkYXRlIjoxODAwMDAwMDAwMDAwfX0=",
          "dependencies": [
            "azurerm_resource_group.rg"
          ]
        }
      ]
    }
  ]
}
